
Microsoft Visual Studio Solution File, Format Version 12.00
# Visual Studio Version 17
VisualStudioVersion = 17.7.34024.191
MinimumVisualStudioVersion = 10.0.40219.1
Project("{FAE04EC0-301F-11D3-BF4B-00C04F79EFBC}") = "CuentasContables2", "CuentasContables2.csproj", "{CE6D4926-68EE-4760-8A96-3C66BA3E92C9}"
EndProject
Global
	GlobalSection(SolutionConfigurationPlatforms) = preSolution
		Debug|Any CPU = Debug|Any CPU
		Release|Any CPU = Release|Any CPU
	EndGlobalSection
	GlobalSection(ProjectConfigurationPlatforms) = postSolution
		{CE6D4926-68EE-4760-8A96-3C66BA3E92C9}.Debug|Any CPU.ActiveCfg = Debug|Any CPU
		{CE6D4926-68EE-4760-8A96-3C66BA3E92C9}.Debug|Any CPU.Build.0 = Debug|Any CPU
		{CE6D4926-68EE-4760-8A96-3C66BA3E92C9}.Release|Any CPU.ActiveCfg = Release|Any CPU
		{CE6D4926-68EE-4760-8A96-3C66BA3E92C9}.Release|Any CPU.Build.0 = Release|Any CPU
	EndGlobalSection
	GlobalSection(SolutionProperties) = preSolution
		HideSolutionNode = FALSE
	EndGlobalSection
	GlobalSection(ExtensibilityGlobals) = postSolution
		SolutionGuid = {F64BE09E-2216-4FD3-8785-70B16ED52FC2}
	EndGlobalSection
EndGlobal
